
Microsoft Visual Studio Solution File, Format Version 12.00
# Visual Studio 15
VisualStudioVersion = 15.0.27428.2037
MinimumVisualStudioVersion = 10.0.40219.1
Project("{8BC9CEB8-8B4A-11D0-8D11-00A0C91BC942}") = "bingoGame", "bingoGame\bingoGame.vcxproj", "{FD3FBBBF-342E-43C6-A5FA-AC45F9889779}"
EndProject
Global
	GlobalSection(SolutionConfigurationPlatforms) = preSolution
		Debug|x64 = Debug|x64
		Debug|x86 = Debug|x86
		Release|x64 = Release|x64
		Release|x86 = Release|x86
	EndGlobalSection
	GlobalSection(ProjectConfigurationPlatforms) = postSolution
		{FD3FBBBF-342E-43C6-A5FA-AC45F9889779}.Debug|x64.ActiveCfg = Debug|x64
		{FD3FBBBF-342E-43C6-A5FA-AC45F9889779}.Debug|x64.Build.0 = Debug|x64
		{FD3FBBBF-342E-43C6-A5FA-AC45F9889779}.Debug|x86.ActiveCfg = Debug|Win32
		{FD3FBBBF-342E-43C6-A5FA-AC45F9889779}.Debug|x86.Build.0 = Debug|Win32
		{FD3FBBBF-342E-43C6-A5FA-AC45F9889779}.Release|x64.ActiveCfg = Release|x64
		{FD3FBBBF-342E-43C6-A5FA-AC45F9889779}.Release|x64.Build.0 = Release|x64
		{FD3FBBBF-342E-43C6-A5FA-AC45F9889779}.Release|x86.ActiveCfg = Release|Win32
		{FD3FBBBF-342E-43C6-A5FA-AC45F9889779}.Release|x86.Build.0 = Release|Win32
	EndGlobalSection
	GlobalSection(SolutionProperties) = preSolution
		HideSolutionNode = FALSE
	EndGlobalSection
	GlobalSection(ExtensibilityGlobals) = postSolution
		SolutionGuid = {CBB41CFD-D701-4C67-AE7C-58009537F24F}
	EndGlobalSection
EndGlobal
